# This file is autogenerated, do not edit; changes may be undone by the next 'dep ensure'.


[[projects]]
  digest = "1:bd8bc15ce3a9929e2777651cbc271fca5561c0d5f42187edb4720e638d24662d"
  name = "github.com/beevik/etree"
  packages = ["."]
  pruneopts = "UT"
  revision = "8aee6516be3b1163bb6450c35c50e4969e3a3aa8"
  version = "v1.1.0"

[[projects]]
  digest = "1:f006631e21e1ebecc5bd025f272197c6d1ee0102bc46006cf2e527b57be5e884"
  name = "github.com/bitrise-io/bitrise"
  packages = ["models"]
  pruneopts = "UT"
  revision = "f7458dd6a6c5612fd3e92ab021fb7f18a7d0abc4"
  version = "1.31.0"

[[projects]]
  branch = "master"
  digest = "1:4e1c0cc22c53c5ebda9bd380afd5b56a2f1fc9e6fd2eed59ab8ba0c1522eee19"
  name = "github.com/bitrise-io/envman"
  packages = ["models"]
  pruneopts = "UT"
  revision = "a82637cf13cc2bd0d61e8660aa269ce43c73a92e"

[[projects]]
  branch = "master"
  digest = "1:6331a8423e71476df9a9d4c88babcd5815adc831bcb9a04b27dc0586150fd6d0"
  name = "github.com/bitrise-io/go-utils"
  packages = [
    "colorstring",
    "command",
    "command/git",
    "command/rubyscript",
    "errorutil",
    "fileutil",
    "log",
    "parseutil",
    "pathutil",
    "pointers",
    "sliceutil",
  ]
  pruneopts = "UT"
  revision = "2c67c48e7086cfd8f9a29bfac2cd420d4dd1d2f9"

[[projects]]
  branch = "master"
  digest = "1:3060b1a20d5eccc02b4dcf61127258fb3ca0070b3386d4326907417164a9bcdd"
  name = "github.com/bitrise-io/go-xcode"
  packages = [
    "plistutil",
    "xcodeproj",
  ]
  pruneopts = "UT"
  revision = "19cbfe6430acc193d779847a13be0b8585d866c1"

[[projects]]
  branch = "master"
  digest = "1:980e760f25b82cb4ffe32b146956029f1f5c8bea3c39f9f973cc023d4ae965b1"
  name = "github.com/bitrise-io/goinp"
  packages = ["goinp"]
  pruneopts = "UT"
  revision = "bd18a8681e272db4696c50152b288f722d08b914"

[[projects]]
  branch = "master"
  digest = "1:a31f5ffeb3ba940633762768571321abb47b57bc48c0551fc0e3d7aff3564770"
  name = "github.com/bitrise-io/stepman"
  packages = ["models"]
  pruneopts = "UT"
  revision = "5243f5feb13656285d1de3dc05bd5f3cd54d38b7"

[[projects]]
  branch = "master"
  digest = "1:fdda64c0d9b713316970ace745f655595ef63f848d7404d049aea78fcb269b9b"
  name = "github.com/bitrise-io/xcode-project"
  packages = [
    "pretty",
    "serialized",
    "xcodebuild",
    "xcodeproj",
    "xcscheme",
    "xcworkspace",
  ]
  pruneopts = "UT"
  revision = "a4e01d69cacc7dd9acbe8fb987dba69c9ce01b1c"

[[projects]]
  digest = "1:ffe9824d294da03b391f44e1ae8281281b4afc1bdaa9588c9097785e3af10cec"
  name = "github.com/davecgh/go-spew"
  packages = ["spew"]
  pruneopts = "UT"
  revision = "8991bc29aa16c548c550c7ff78260e27b9ab7c73"
  version = "v1.1.1"

[[projects]]
  digest = "1:1d1cbf539d9ac35eb3148129f96be5537f1a1330cadcc7e3a83b4e72a59672a3"
  name = "github.com/google/go-cmp"
  packages = [
    "cmp",
    "cmp/internal/diff",
    "cmp/internal/flags",
    "cmp/internal/function",
    "cmp/internal/value",
  ]
  pruneopts = "UT"
  revision = "2d0692c2e9617365a95b295612ac0d4415ba4627"
  version = "v0.3.1"

[[projects]]
  digest = "1:cf31692c14422fa27c83a05292eb5cbe0fb2775972e8f1f8446a71549bd8980b"
  name = "github.com/pkg/errors"
  packages = ["."]
  pruneopts = "UT"
  revision = "ba968bfe8b2f7e042a574c888954fccecfa385b4"
  version = "v0.8.1"

[[projects]]
  digest = "1:0028cb19b2e4c3112225cd871870f2d9cf49b9b4276531f03438a88e94be86fe"
  name = "github.com/pmezard/go-difflib"
  packages = ["difflib"]
  pruneopts = "UT"
  revision = "792786c7400a136282c1664665ae0a8db921c6c2"
  version = "v1.0.0"

[[projects]]
  branch = "master"
  digest = "1:6baa565fe16f8657cf93469b2b8a6c61a277827734400d27e44d589547297279"
  name = "github.com/ryanuber/go-glob"
  packages = ["."]
  pruneopts = "UT"
  revision = "51a8f68e6c24dc43f1e371749c89a267de4ebc53"

[[projects]]
  digest = "1:99d32780e5238c2621fff621123997c3e3cca96db8be13179013aea77dfab551"
  name = "github.com/stretchr/testify"
  packages = [
    "assert",
    "require",
  ]
  pruneopts = "UT"
  revision = "221dbe5ed46703ee255b1da0dec05086f5035f62"
  version = "v1.4.0"

[[projects]]
  digest = "1:ca4df663ad76879ad38dbd736493679cbb1aa596c6d479fd9fc5e959e5ceb4fb"
  name = "github.com/urfave/cli"
  packages = ["."]
  pruneopts = "UT"
  revision = "e6cf83ec39f6e1158ced1927d4ed14578fda8edb"

[[projects]]
  branch = "master"
  digest = "1:bbe51412d9915d64ffaa96b51d409e070665efc5194fcf145c4a27d4133107a4"
  name = "golang.org/x/crypto"
  packages = ["ssh/terminal"]
  pruneopts = "UT"
  revision = "c7e5f84aec591254278750bee18f39e5dd19cdb5"

[[projects]]
  branch = "master"
  digest = "1:1017834f19e0d987e8b1b928f016b0a1186a202ec1867fee7112efd4b4475bd1"
  name = "golang.org/x/sys"
  packages = [
    "unix",
    "windows",
  ]
  pruneopts = "UT"
  revision = "c1f44814a5cd81a6d1cb589ef1e528bc5d305e07"

[[projects]]
  digest = "1:1093f2eb4b344996604f7d8b29a16c5b22ab9e1b25652140d3fede39f640d5cd"
  name = "golang.org/x/text"
  packages = [
    "internal/gen",
    "internal/triegen",
    "internal/ucd",
    "transform",
    "unicode/cldr",
    "unicode/norm",
  ]
  pruneopts = "UT"
  revision = "342b2e1fbaa52c93f31447ad2c6abc048c63e475"
  version = "v0.3.2"

[[projects]]
  digest = "1:f26a5d382387e03a40d1471dddfba85dfff9bf05352d7e42d37612677c4d3c5c"
  name = "gopkg.in/yaml.v2"
  packages = ["."]
  pruneopts = "UT"
  revision = "f90ceb4f409096b60e2e9076b38b304b8246e5fa"
  version = "v2.2.5"

[[projects]]
  branch = "master"
  digest = "1:c10265d5a71326618d37e97169eddb3582f78e8ac7dcf87403b4cf619efd519a"
  name = "howett.net/plist"
  packages = ["."]
  pruneopts = "UT"
  revision = "591f970eefbbeb04d7b37f334a0c4c3256e32876"

[solve-meta]
  analyzer-name = "dep"
  analyzer-version = 1
  input-imports = [
    "github.com/beevik/etree",
    "github.com/bitrise-io/bitrise/models",
    "github.com/bitrise-io/envman/models",
    "github.com/bitrise-io/go-utils/colorstring",
    "github.com/bitrise-io/go-utils/command",
    "github.com/bitrise-io/go-utils/command/git",
    "github.com/bitrise-io/go-utils/errorutil",
    "github.com/bitrise-io/go-utils/fileutil",
    "github.com/bitrise-io/go-utils/log",
    "github.com/bitrise-io/go-utils/pathutil",
    "github.com/bitrise-io/go-utils/pointers",
    "github.com/bitrise-io/go-utils/sliceutil",
    "github.com/bitrise-io/go-xcode/xcodeproj",
    "github.com/bitrise-io/goinp/goinp",
    "github.com/bitrise-io/stepman/models",
    "github.com/bitrise-io/xcode-project/serialized",
    "github.com/bitrise-io/xcode-project/xcodeproj",
    "github.com/bitrise-io/xcode-project/xcscheme",
    "github.com/bitrise-io/xcode-project/xcworkspace",
    "github.com/google/go-cmp/cmp",
    "github.com/stretchr/testify/require",
    "github.com/urfave/cli",
    "gopkg.in/yaml.v2",
  ]
  solver-name = "gps-cdcl"
  solver-version = 1
